
Microsoft Visual Studio Solution File, Format Version 12.00
# Visual Studio Version 16
VisualStudioVersion = 16.0.28315.86
MinimumVisualStudioVersion = 10.0.40219.1
Project("{2150E333-8FDC-42A3-9474-1A3956D46DE8}") = "Engine", "Engine", "{CF10D5D0-94AC-439C-AEE4-092EA609415F}"
EndProject
Project("{2150E333-8FDC-42A3-9474-1A3956D46DE8}") = "Games", "Games", "{4F10F82B-5106-4546-BB79-61395A448260}"
EndProject
Project("{8BC9CEB8-8B4A-11D0-8D11-00A0C91BC942}") = "EscapeRoom", "Intermediate\ProjectFiles\EscapeRoom.vcxproj", "{F1EC9BE9-B951-4C21-9F77-0E9737C8CFB9}"
EndProject
Project("{8BC9CEB8-8B4A-11D0-8D11-00A0C91BC942}") = "UE4", "Intermediate\ProjectFiles\UE4.vcxproj", "{09E68FC8-83E1-4C2D-B441-517AF096AB85}"
EndProject
Project("{2150E333-8FDC-42A3-9474-1A3956D46DE8}") = "Visualizers", "Visualizers", "{4922A22D-15E4-4AC6-8E51-63B934DA9506}"
	ProjectSection(SolutionItems) = preProject
		E:\EpicGames\UE_4.22\Engine\Extras\VisualStudioDebugging\UE4.natvis = E:\EpicGames\UE_4.22\Engine\Extras\VisualStudioDebugging\UE4.natvis
	EndProjectSection
EndProject
Global
	GlobalSection(SolutionConfigurationPlatforms) = preSolution
		DebugGame Editor|HTML5 = DebugGame Editor|HTML5
		DebugGame Editor|Win32 = DebugGame Editor|Win32
		DebugGame Editor|Win64 = DebugGame Editor|Win64
		DebugGame|HTML5 = DebugGame|HTML5
		DebugGame|Win32 = DebugGame|Win32
		DebugGame|Win64 = DebugGame|Win64
		Development Editor|HTML5 = Development Editor|HTML5
		Development Editor|Win32 = Development Editor|Win32
		Development Editor|Win64 = Development Editor|Win64
		Development|HTML5 = Development|HTML5
		Development|Win32 = Development|Win32
		Development|Win64 = Development|Win64
		Shipping|HTML5 = Shipping|HTML5
		Shipping|Win32 = Shipping|Win32
		Shipping|Win64 = Shipping|Win64
	EndGlobalSection
	GlobalSection(ProjectConfigurationPlatforms) = postSolution
		{F1EC9BE9-B951-4C21-9F77-0E9737C8CFB9}.DebugGame Editor|HTML5.ActiveCfg = Invalid|Win32
		{F1EC9BE9-B951-4C21-9F77-0E9737C8CFB9}.DebugGame Editor|Win32.ActiveCfg = Invalid|Win32
		{F1EC9BE9-B951-4C21-9F77-0E9737C8CFB9}.DebugGame Editor|Win64.ActiveCfg = DebugGame_Editor|x64
		{F1EC9BE9-B951-4C21-9F77-0E9737C8CFB9}.DebugGame Editor|Win64.Build.0 = DebugGame_Editor|x64
		{F1EC9BE9-B951-4C21-9F77-0E9737C8CFB9}.DebugGame|HTML5.ActiveCfg = HTML5_DebugGame|Win32
		{F1EC9BE9-B951-4C21-9F77-0E9737C8CFB9}.DebugGame|HTML5.Build.0 = HTML5_DebugGame|Win32
		{F1EC9BE9-B951-4C21-9F77-0E9737C8CFB9}.DebugGame|Win32.ActiveCfg = DebugGame|Win32
		{F1EC9BE9-B951-4C21-9F77-0E9737C8CFB9}.DebugGame|Win32.Build.0 = DebugGame|Win32
		{F1EC9BE9-B951-4C21-9F77-0E9737C8CFB9}.DebugGame|Win64.ActiveCfg = DebugGame|x64
		{F1EC9BE9-B951-4C21-9F77-0E9737C8CFB9}.DebugGame|Win64.Build.0 = DebugGame|x64
		{F1EC9BE9-B951-4C21-9F77-0E9737C8CFB9}.Development Editor|HTML5.ActiveCfg = Invalid|Win32
		{F1EC9BE9-B951-4C21-9F77-0E9737C8CFB9}.Development Editor|Win32.ActiveCfg = Invalid|Win32
		{F1EC9BE9-B951-4C21-9F77-0E9737C8CFB9}.Development Editor|Win64.ActiveCfg = Development_Editor|x64
		{F1EC9BE9-B951-4C21-9F77-0E9737C8CFB9}.Development Editor|Win64.Build.0 = Development_Editor|x64
		{F1EC9BE9-B951-4C21-9F77-0E9737C8CFB9}.Development|HTML5.ActiveCfg = HTML5_Development|Win32
		{F1EC9BE9-B951-4C21-9F77-0E9737C8CFB9}.Development|HTML5.Build.0 = HTML5_Development|Win32
		{F1EC9BE9-B951-4C21-9F77-0E9737C8CFB9}.Development|Win32.ActiveCfg = Development|Win32
		{F1EC9BE9-B951-4C21-9F77-0E9737C8CFB9}.Development|Win32.Build.0 = Development|Win32
		{F1EC9BE9-B951-4C21-9F77-0E9737C8CFB9}.Development|Win64.ActiveCfg = Development|x64
		{F1EC9BE9-B951-4C21-9F77-0E9737C8CFB9}.Development|Win64.Build.0 = Development|x64
		{F1EC9BE9-B951-4C21-9F77-0E9737C8CFB9}.Shipping|HTML5.ActiveCfg = HTML5_Shipping|Win32
		{F1EC9BE9-B951-4C21-9F77-0E9737C8CFB9}.Shipping|HTML5.Build.0 = HTML5_Shipping|Win32
		{F1EC9BE9-B951-4C21-9F77-0E9737C8CFB9}.Shipping|Win32.ActiveCfg = Shipping|Win32
		{F1EC9BE9-B951-4C21-9F77-0E9737C8CFB9}.Shipping|Win32.Build.0 = Shipping|Win32
		{F1EC9BE9-B951-4C21-9F77-0E9737C8CFB9}.Shipping|Win64.ActiveCfg = Shipping|x64
		{F1EC9BE9-B951-4C21-9F77-0E9737C8CFB9}.Shipping|Win64.Build.0 = Shipping|x64
		{09E68FC8-83E1-4C2D-B441-517AF096AB85}.DebugGame Editor|HTML5.ActiveCfg = BuiltWithUnrealBuildTool|Win32
		{09E68FC8-83E1-4C2D-B441-517AF096AB85}.DebugGame Editor|Win32.ActiveCfg = BuiltWithUnrealBuildTool|Win32
		{09E68FC8-83E1-4C2D-B441-517AF096AB85}.DebugGame Editor|Win64.ActiveCfg = BuiltWithUnrealBuildTool|Win32
		{09E68FC8-83E1-4C2D-B441-517AF096AB85}.DebugGame|HTML5.ActiveCfg = BuiltWithUnrealBuildTool|Win32
		{09E68FC8-83E1-4C2D-B441-517AF096AB85}.DebugGame|Win32.ActiveCfg = BuiltWithUnrealBuildTool|Win32
		{09E68FC8-83E1-4C2D-B441-517AF096AB85}.DebugGame|Win64.ActiveCfg = BuiltWithUnrealBuildTool|Win32
		{09E68FC8-83E1-4C2D-B441-517AF096AB85}.Development Editor|HTML5.ActiveCfg = BuiltWithUnrealBuildTool|Win32
		{09E68FC8-83E1-4C2D-B441-517AF096AB85}.Development Editor|Win32.ActiveCfg = BuiltWithUnrealBuildTool|Win32
		{09E68FC8-83E1-4C2D-B441-517AF096AB85}.Development Editor|Win64.ActiveCfg = BuiltWithUnrealBuildTool|Win32
		{09E68FC8-83E1-4C2D-B441-517AF096AB85}.Development|HTML5.ActiveCfg = BuiltWithUnrealBuildTool|Win32
		{09E68FC8-83E1-4C2D-B441-517AF096AB85}.Development|Win32.ActiveCfg = BuiltWithUnrealBuildTool|Win32
		{09E68FC8-83E1-4C2D-B441-517AF096AB85}.Development|Win64.ActiveCfg = BuiltWithUnrealBuildTool|Win32
		{09E68FC8-83E1-4C2D-B441-517AF096AB85}.Shipping|HTML5.ActiveCfg = BuiltWithUnrealBuildTool|Win32
		{09E68FC8-83E1-4C2D-B441-517AF096AB85}.Shipping|Win32.ActiveCfg = BuiltWithUnrealBuildTool|Win32
		{09E68FC8-83E1-4C2D-B441-517AF096AB85}.Shipping|Win64.ActiveCfg = BuiltWithUnrealBuildTool|Win32
	EndGlobalSection
	GlobalSection(SolutionProperties) = preSolution
		HideSolutionNode = FALSE
	EndGlobalSection
	GlobalSection(NestedProjects) = preSolution
		{09E68FC8-83E1-4C2D-B441-517AF096AB85} = {CF10D5D0-94AC-439C-AEE4-092EA609415F}
		{F1EC9BE9-B951-4C21-9F77-0E9737C8CFB9} = {4F10F82B-5106-4546-BB79-61395A448260}
	EndGlobalSection
EndGlobal
